// !$*UTF8*$!
{
	archiveVersion = 1;
	classes = {
	};
	objectVersion = 55;
	objects = {

/* Begin PBXBuildFile section */
		F7E2507C2847654C00628E8F /* AppDelegate.swift in Sources */ = {isa = PBXBuildFile; fileRef = F7E2507B2847654C00628E8F /* AppDelegate.swift */; };
		F7E2507E2847654C00628E8F /* SceneDelegate.swift in Sources */ = {isa = PBXBuildFile; fileRef = F7E2507D2847654C00628E8F /* SceneDelegate.swift */; };
		F7E250832847654C00628E8F /* Main.storyboard in Resources */ = {isa = PBXBuildFile; fileRef = F7E250812847654C00628E8F /* Main.storyboard */; };
		F7E250882847655400628E8F /* LaunchScreen.storyboard in Resources */ = {isa = PBXBuildFile; fileRef = F7E250862847655400628E8F /* LaunchScreen.storyboard */; };
		F7E250942847846300628E8F /* GamesVC.swift in Sources */ = {isa = PBXBuildFile; fileRef = F7E250932847846300628E8F /* GamesVC.swift */; };
		F7E250962847849200628E8F /* FavoritesVC.swift in Sources */ = {isa = PBXBuildFile; fileRef = F7E250952847849200628E8F /* FavoritesVC.swift */; };
		F7E2509A28478AF900628E8F /* GameList.swift in Sources */ = {isa = PBXBuildFile; fileRef = F7E2509928478AF800628E8F /* GameList.swift */; };
		F7E250A12847986F00628E8F /* APIService.swift in Sources */ = {isa = PBXBuildFile; fileRef = F7E250A02847986F00628E8F /* APIService.swift */; };
		F7E250A32847A60100628E8F /* GameViewModel.swift in Sources */ = {isa = PBXBuildFile; fileRef = F7E250A22847A60100628E8F /* GameViewModel.swift */; };
		F7E250A62847B56C00628E8F /* GameTableViewCell.swift in Sources */ = {isa = PBXBuildFile; fileRef = F7E250A52847B56C00628E8F /* GameTableViewCell.swift */; };
		F7E250A92848C38200628E8F /* Kingfisher in Frameworks */ = {isa = PBXBuildFile; productRef = F7E250A82848C38200628E8F /* Kingfisher */; };
		F7E250DB284B91E800628E8F /* GameDetailsVC.swift in Sources */ = {isa = PBXBuildFile; fileRef = F7E250DA284B91E700628E8F /* GameDetailsVC.swift */; };
		F7E250E1284C85DE00628E8F /* DescriptionTableViewCell.swift in Sources */ = {isa = PBXBuildFile; fileRef = F7E250E0284C85DE00628E8F /* DescriptionTableViewCell.swift */; };
		F7E250E3284C876C00628E8F /* WebsiteTableViewCell.swift in Sources */ = {isa = PBXBuildFile; fileRef = F7E250E2284C876C00628E8F /* WebsiteTableViewCell.swift */; };
		F7E250E5284C877C00628E8F /* RedditTableViewCell.swift in Sources */ = {isa = PBXBuildFile; fileRef = F7E250E4284C877C00628E8F /* RedditTableViewCell.swift */; };
		F7E250E7284CA09E00628E8F /* ImageTableViewCell.swift in Sources */ = {isa = PBXBuildFile; fileRef = F7E250E6284CA09E00628E8F /* ImageTableViewCell.swift */; };
		F7E250E9284CC74E00628E8F /* GameDetail.swift in Sources */ = {isa = PBXBuildFile; fileRef = F7E250E8284CC74E00628E8F /* GameDetail.swift */; };
		F7E250EB284CC7A100628E8F /* GameDetailViewModel.swift in Sources */ = {isa = PBXBuildFile; fileRef = F7E250EA284CC7A100628E8F /* GameDetailViewModel.swift */; };
/* End PBXBuildFile section */

/* Begin PBXFileReference section */
		F7E250782847654C00628E8F /* GameList-Swift.app */ = {isa = PBXFileReference; explicitFileType = wrapper.application; includeInIndex = 0; path = "GameList-Swift.app"; sourceTree = BUILT_PRODUCTS_DIR; };
		F7E2507B2847654C00628E8F /* AppDelegate.swift */ = {isa = PBXFileReference; lastKnownFileType = sourcecode.swift; path = AppDelegate.swift; sourceTree = "<group>"; };
		F7E2507D2847654C00628E8F /* SceneDelegate.swift */ = {isa = PBXFileReference; lastKnownFileType = sourcecode.swift; path = SceneDelegate.swift; sourceTree = "<group>"; };
		F7E250822847654C00628E8F /* Base */ = {isa = PBXFileReference; lastKnownFileType = file.storyboard; name = Base; path = Base.lproj/Main.storyboard; sourceTree = "<group>"; };
		F7E250872847655400628E8F /* Base */ = {isa = PBXFileReference; lastKnownFileType = file.storyboard; name = Base; path = Base.lproj/LaunchScreen.storyboard; sourceTree = "<group>"; };
		F7E250892847655400628E8F /* Info.plist */ = {isa = PBXFileReference; lastKnownFileType = text.plist.xml; path = Info.plist; sourceTree = "<group>"; };
		F7E250932847846300628E8F /* GamesVC.swift */ = {isa = PBXFileReference; lastKnownFileType = sourcecode.swift; path = GamesVC.swift; sourceTree = "<group>"; };
		F7E250952847849200628E8F /* FavoritesVC.swift */ = {isa = PBXFileReference; lastKnownFileType = sourcecode.swift; path = FavoritesVC.swift; sourceTree = "<group>"; };
		F7E2509928478AF800628E8F /* GameList.swift */ = {isa = PBXFileReference; lastKnownFileType = sourcecode.swift; path = GameList.swift; sourceTree = "<group>"; };
		F7E250A02847986F00628E8F /* APIService.swift */ = {isa = PBXFileReference; lastKnownFileType = sourcecode.swift; path = APIService.swift; sourceTree = "<group>"; };
		F7E250A22847A60100628E8F /* GameViewModel.swift */ = {isa = PBXFileReference; lastKnownFileType = sourcecode.swift; path = GameViewModel.swift; sourceTree = "<group>"; };
		F7E250A52847B56C00628E8F /* GameTableViewCell.swift */ = {isa = PBXFileReference; lastKnownFileType = sourcecode.swift; path = GameTableViewCell.swift; sourceTree = "<group>"; };
		F7E250DA284B91E700628E8F /* GameDetailsVC.swift */ = {isa = PBXFileReference; lastKnownFileType = sourcecode.swift; path = GameDetailsVC.swift; sourceTree = "<group>"; };
		F7E250E0284C85DE00628E8F /* DescriptionTableViewCell.swift */ = {isa = PBXFileReference; lastKnownFileType = sourcecode.swift; path = DescriptionTableViewCell.swift; sourceTree = "<group>"; };
		F7E250E2284C876C00628E8F /* WebsiteTableViewCell.swift */ = {isa = PBXFileReference; lastKnownFileType = sourcecode.swift; path = WebsiteTableViewCell.swift; sourceTree = "<group>"; };
		F7E250E4284C877C00628E8F /* RedditTableViewCell.swift */ = {isa = PBXFileReference; lastKnownFileType = sourcecode.swift; path = RedditTableViewCell.swift; sourceTree = "<group>"; };
		F7E250E6284CA09E00628E8F /* ImageTableViewCell.swift */ = {isa = PBXFileReference; lastKnownFileType = sourcecode.swift; path = ImageTableViewCell.swift; sourceTree = "<group>"; };
		F7E250E8284CC74E00628E8F /* GameDetail.swift */ = {isa = PBXFileReference; lastKnownFileType = sourcecode.swift; path = GameDetail.swift; sourceTree = "<group>"; };
		F7E250EA284CC7A100628E8F /* GameDetailViewModel.swift */ = {isa = PBXFileReference; lastKnownFileType = sourcecode.swift; path = GameDetailViewModel.swift; sourceTree = "<group>"; };
/* End PBXFileReference section */

/* Begin PBXFrameworksBuildPhase section */
		F7E250752847654C00628E8F /* Frameworks */ = {
			isa = PBXFrameworksBuildPhase;
			buildActionMask = 2147483647;
			files = (
				F7E250A92848C38200628E8F /* Kingfisher in Frameworks */,
			);
			runOnlyForDeploymentPostprocessing = 0;
		};
/* End PBXFrameworksBuildPhase section */

/* Begin PBXGroup section */
		F7E2506F2847654C00628E8F = {
			isa = PBXGroup;
			children = (
				F7E2507A2847654C00628E8F /* GameList-Swift */,
				F7E250792847654C00628E8F /* Products */,
			);
			sourceTree = "<group>";
		};
		F7E250792847654C00628E8F /* Products */ = {
			isa = PBXGroup;
			children = (
				F7E250782847654C00628E8F /* GameList-Swift.app */,
			);
			name = Products;
			sourceTree = "<group>";
		};
		F7E2507A2847654C00628E8F /* GameList-Swift */ = {
			isa = PBXGroup;
			children = (
				F7E250A42847B55900628E8F /* Cell */,
				F7E2509D2847981800628E8F /* Service */,
				F7E2508F28476A1B00628E8F /* Model */,
				F7E2509128477FA100628E8F /* View */,
				F7E2509028476A2300628E8F /* ViewModel */,
				F7E25097284784A600628E8F /* Storyboard */,
				F7E25098284784C500628E8F /* Resources */,
				F7E2509228477FD100628E8F /* Utilities */,
			);
			path = "GameList-Swift";
			sourceTree = "<group>";
		};
		F7E2508F28476A1B00628E8F /* Model */ = {
			isa = PBXGroup;
			children = (
				F7E2509928478AF800628E8F /* GameList.swift */,
				F7E250E8284CC74E00628E8F /* GameDetail.swift */,
			);
			path = Model;
			sourceTree = "<group>";
		};
		F7E2509028476A2300628E8F /* ViewModel */ = {
			isa = PBXGroup;
			children = (
				F7E250A22847A60100628E8F /* GameViewModel.swift */,
				F7E250EA284CC7A100628E8F /* GameDetailViewModel.swift */,
			);
			path = ViewModel;
			sourceTree = "<group>";
		};
		F7E2509128477FA100628E8F /* View */ = {
			isa = PBXGroup;
			children = (
				F7E250932847846300628E8F /* GamesVC.swift */,
				F7E250952847849200628E8F /* FavoritesVC.swift */,
				F7E250DA284B91E700628E8F /* GameDetailsVC.swift */,
			);
			path = View;
			sourceTree = "<group>";
		};
		F7E2509228477FD100628E8F /* Utilities */ = {
			isa = PBXGroup;
			children = (
				F7E2507B2847654C00628E8F /* AppDelegate.swift */,
				F7E2507D2847654C00628E8F /* SceneDelegate.swift */,
			);
			path = Utilities;
			sourceTree = "<group>";
		};
		F7E25097284784A600628E8F /* Storyboard */ = {
			isa = PBXGroup;
			children = (
				F7E250812847654C00628E8F /* Main.storyboard */,
				F7E250862847655400628E8F /* LaunchScreen.storyboard */,
			);
			path = Storyboard;
			sourceTree = "<group>";
		};
		F7E25098284784C500628E8F /* Resources */ = {
			isa = PBXGroup;
			children = (
				F7E250892847655400628E8F /* Info.plist */,
			);
			path = Resources;
			sourceTree = "<group>";
		};
		F7E2509D2847981800628E8F /* Service */ = {
			isa = PBXGroup;
			children = (
				F7E250A02847986F00628E8F /* APIService.swift */,
			);
			path = Service;
			sourceTree = "<group>";
		};
		F7E250A42847B55900628E8F /* Cell */ = {
			isa = PBXGroup;
			children = (
				F7E250A52847B56C00628E8F /* GameTableViewCell.swift */,
				F7E250E0284C85DE00628E8F /* DescriptionTableViewCell.swift */,
				F7E250E2284C876C00628E8F /* WebsiteTableViewCell.swift */,
				F7E250E4284C877C00628E8F /* RedditTableViewCell.swift */,
				F7E250E6284CA09E00628E8F /* ImageTableViewCell.swift */,
			);
			path = Cell;
			sourceTree = "<group>";
		};
/* End PBXGroup section */

/* Begin PBXNativeTarget section */
		F7E250772847654C00628E8F /* GameList-Swift */ = {
			isa = PBXNativeTarget;
			buildConfigurationList = F7E2508C2847655400628E8F /* Build configuration list for PBXNativeTarget "GameList-Swift" */;
			buildPhases = (
				F7E250742847654C00628E8F /* Sources */,
				F7E250752847654C00628E8F /* Frameworks */,
				F7E250762847654C00628E8F /* Resources */,
			);
			buildRules = (
			);
			dependencies = (
			);
			name = "GameList-Swift";
			packageProductDependencies = (
				F7E250A82848C38200628E8F /* Kingfisher */,
			);
			productName = "GameList-Swift";
			productReference = F7E250782847654C00628E8F /* GameList-Swift.app */;
			productType = "com.apple.product-type.application";
		};
/* End PBXNativeTarget section */

/* Begin PBXProject section */
		F7E250702847654C00628E8F /* Project object */ = {
			isa = PBXProject;
			attributes = {
				BuildIndependentTargetsInParallel = 1;
				LastSwiftUpdateCheck = 1340;
				LastUpgradeCheck = 1340;
				TargetAttributes = {
					F7E250772847654C00628E8F = {
						CreatedOnToolsVersion = 13.4;
					};
				};
			};
			buildConfigurationList = F7E250732847654C00628E8F /* Build configuration list for PBXProject "GameList-Swift" */;
			compatibilityVersion = "Xcode 13.0";
			developmentRegion = en;
			hasScannedForEncodings = 0;
			knownRegions = (
				en,
				Base,
			);
			mainGroup = F7E2506F2847654C00628E8F;
			packageReferences = (
				F7E250A72848C38200628E8F /* XCRemoteSwiftPackageReference "Kingfisher" */,
			);
			productRefGroup = F7E250792847654C00628E8F /* Products */;
			projectDirPath = "";
			projectRoot = "";
			targets = (
				F7E250772847654C00628E8F /* GameList-Swift */,
			);
		};
/* End PBXProject section */

/* Begin PBXResourcesBuildPhase section */
		F7E250762847654C00628E8F /* Resources */ = {
			isa = PBXResourcesBuildPhase;
			buildActionMask = 2147483647;
			files = (
				F7E250882847655400628E8F /* LaunchScreen.storyboard in Resources */,
				F7E250832847654C00628E8F /* Main.storyboard in Resources */,
			);
			runOnlyForDeploymentPostprocessing = 0;
		};
/* End PBXResourcesBuildPhase section */

/* Begin PBXSourcesBuildPhase section */
		F7E250742847654C00628E8F /* Sources */ = {
			isa = PBXSourcesBuildPhase;
			buildActionMask = 2147483647;
			files = (
				F7E250E3284C876C00628E8F /* WebsiteTableViewCell.swift in Sources */,
				F7E250E1284C85DE00628E8F /* DescriptionTableViewCell.swift in Sources */,
				F7E250962847849200628E8F /* FavoritesVC.swift in Sources */,
				F7E250A12847986F00628E8F /* APIService.swift in Sources */,
				F7E250A62847B56C00628E8F /* GameTableViewCell.swift in Sources */,
				F7E2507C2847654C00628E8F /* AppDelegate.swift in Sources */,
				F7E2509A28478AF900628E8F /* GameList.swift in Sources */,
				F7E250A32847A60100628E8F /* GameViewModel.swift in Sources */,
				F7E250E7284CA09E00628E8F /* ImageTableViewCell.swift in Sources */,
				F7E250E9284CC74E00628E8F /* GameDetail.swift in Sources */,
				F7E250EB284CC7A100628E8F /* GameDetailViewModel.swift in Sources */,
				F7E250942847846300628E8F /* GamesVC.swift in Sources */,
				F7E2507E2847654C00628E8F /* SceneDelegate.swift in Sources */,
				F7E250DB284B91E800628E8F /* GameDetailsVC.swift in Sources */,
				F7E250E5284C877C00628E8F /* RedditTableViewCell.swift in Sources */,
			);
			runOnlyForDeploymentPostprocessing = 0;
		};
/* End PBXSourcesBuildPhase section */

/* Begin PBXVariantGroup section */
		F7E250812847654C00628E8F /* Main.storyboard */ = {
			isa = PBXVariantGroup;
			children = (
				F7E250822847654C00628E8F /* Base */,
			);
			name = Main.storyboard;
			sourceTree = "<group>";
		};
		F7E250862847655400628E8F /* LaunchScreen.storyboard */ = {
			isa = PBXVariantGroup;
			children = (
				F7E250872847655400628E8F /* Base */,
			);
			name = LaunchScreen.storyboard;
			sourceTree = "<group>";
		};
/* End PBXVariantGroup section */

/* Begin XCBuildConfiguration section */
		F7E2508A2847655400628E8F /* Debug */ = {
			isa = XCBuildConfiguration;
			buildSettings = {
				ALWAYS_SEARCH_USER_PATHS = NO;
				CLANG_ANALYZER_NONNULL = YES;
				CLANG_ANALYZER_NUMBER_OBJECT_CONVERSION = YES_AGGRESSIVE;
				CLANG_CXX_LANGUAGE_STANDARD = "gnu++17";
				CLANG_ENABLE_MODULES = YES;
				CLANG_ENABLE_OBJC_ARC = YES;
				CLANG_ENABLE_OBJC_WEAK = YES;
				CLANG_WARN_BLOCK_CAPTURE_AUTORELEASING = YES;
				CLANG_WARN_BOOL_CONVERSION = YES;
				CLANG_WARN_COMMA = YES;
				CLANG_WARN_CONSTANT_CONVERSION = YES;
				CLANG_WARN_DEPRECATED_OBJC_IMPLEMENTATIONS = YES;
				CLANG_WARN_DIRECT_OBJC_ISA_USAGE = YES_ERROR;
				CLANG_WARN_DOCUMENTATION_COMMENTS = YES;
				CLANG_WARN_EMPTY_BODY = YES;
				CLANG_WARN_ENUM_CONVERSION = YES;
				CLANG_WARN_INFINITE_RECURSION = YES;
				CLANG_WARN_INT_CONVERSION = YES;
				CLANG_WARN_NON_LITERAL_NULL_CONVERSION = YES;
				CLANG_WARN_OBJC_IMPLICIT_RETAIN_SELF = YES;
				CLANG_WARN_OBJC_LITERAL_CONVERSION = YES;
				CLANG_WARN_OBJC_ROOT_CLASS = YES_ERROR;
				CLANG_WARN_QUOTED_INCLUDE_IN_FRAMEWORK_HEADER = YES;
				CLANG_WARN_RANGE_LOOP_ANALYSIS = YES;
				CLANG_WARN_STRICT_PROTOTYPES = YES;
				CLANG_WARN_SUSPICIOUS_MOVE = YES;
				CLANG_WARN_UNGUARDED_AVAILABILITY = YES_AGGRESSIVE;
				CLANG_WARN_UNREACHABLE_CODE = YES;
				CLANG_WARN__DUPLICATE_METHOD_MATCH = YES;
				COPY_PHASE_STRIP = NO;
				DEBUG_INFORMATION_FORMAT = dwarf;
				ENABLE_STRICT_OBJC_MSGSEND = YES;
				ENABLE_TESTABILITY = YES;
				GCC_C_LANGUAGE_STANDARD = gnu11;
				GCC_DYNAMIC_NO_PIC = NO;
				GCC_NO_COMMON_BLOCKS = YES;
				GCC_OPTIMIZATION_LEVEL = 0;
				GCC_PREPROCESSOR_DEFINITIONS = (
					"DEBUG=1",
					"$(inherited)",
				);
				GCC_WARN_64_TO_32_BIT_CONVERSION = YES;
				GCC_WARN_ABOUT_RETURN_TYPE = YES_ERROR;
				GCC_WARN_UNDECLARED_SELECTOR = YES;
				GCC_WARN_UNINITIALIZED_AUTOS = YES_AGGRESSIVE;
				GCC_WARN_UNUSED_FUNCTION = YES;
				GCC_WARN_UNUSED_VARIABLE = YES;
				IPHONEOS_DEPLOYMENT_TARGET = 15.5;
				MTL_ENABLE_DEBUG_INFO = INCLUDE_SOURCE;
				MTL_FAST_MATH = YES;
				ONLY_ACTIVE_ARCH = YES;
				SDKROOT = iphoneos;
				SWIFT_ACTIVE_COMPILATION_CONDITIONS = DEBUG;
				SWIFT_OPTIMIZATION_LEVEL = "-Onone";
			};
			name = Debug;
		};
		F7E2508B2847655400628E8F /* Release */ = {
			isa = XCBuildConfiguration;
			buildSettings = {
				ALWAYS_SEARCH_USER_PATHS = NO;
				CLANG_ANALYZER_NONNULL = YES;
				CLANG_ANALYZER_NUMBER_OBJECT_CONVERSION = YES_AGGRESSIVE;
				CLANG_CXX_LANGUAGE_STANDARD = "gnu++17";
				CLANG_ENABLE_MODULES = YES;
				CLANG_ENABLE_OBJC_ARC = YES;
				CLANG_ENABLE_OBJC_WEAK = YES;
				CLANG_WARN_BLOCK_CAPTURE_AUTORELEASING = YES;
				CLANG_WARN_BOOL_CONVERSION = YES;
				CLANG_WARN_COMMA = YES;
				CLANG_WARN_CONSTANT_CONVERSION = YES;
				CLANG_WARN_DEPRECATED_OBJC_IMPLEMENTATIONS = YES;
				CLANG_WARN_DIRECT_OBJC_ISA_USAGE = YES_ERROR;
				CLANG_WARN_DOCUMENTATION_COMMENTS = YES;
				CLANG_WARN_EMPTY_BODY = YES;
				CLANG_WARN_ENUM_CONVERSION = YES;
				CLANG_WARN_INFINITE_RECURSION = YES;
				CLANG_WARN_INT_CONVERSION = YES;
				CLANG_WARN_NON_LITERAL_NULL_CONVERSION = YES;
				CLANG_WARN_OBJC_IMPLICIT_RETAIN_SELF = YES;
				CLANG_WARN_OBJC_LITERAL_CONVERSION = YES;
				CLANG_WARN_OBJC_ROOT_CLASS = YES_ERROR;
				CLANG_WARN_QUOTED_INCLUDE_IN_FRAMEWORK_HEADER = YES;
				CLANG_WARN_RANGE_LOOP_ANALYSIS = YES;
				CLANG_WARN_STRICT_PROTOTYPES = YES;
				CLANG_WARN_SUSPICIOUS_MOVE = YES;
				CLANG_WARN_UNGUARDED_AVAILABILITY = YES_AGGRESSIVE;
				CLANG_WARN_UNREACHABLE_CODE = YES;
				CLANG_WARN__DUPLICATE_METHOD_MATCH = YES;
				COPY_PHASE_STRIP = NO;
				DEBUG_INFORMATION_FORMAT = "dwarf-with-dsym";
				ENABLE_NS_ASSERTIONS = NO;
				ENABLE_STRICT_OBJC_MSGSEND = YES;
				GCC_C_LANGUAGE_STANDARD = gnu11;
				GCC_NO_COMMON_BLOCKS = YES;
				GCC_WARN_64_TO_32_BIT_CONVERSION = YES;
				GCC_WARN_ABOUT_RETURN_TYPE = YES_ERROR;
				GCC_WARN_UNDECLARED_SELECTOR = YES;
				GCC_WARN_UNINITIALIZED_AUTOS = YES_AGGRESSIVE;
				GCC_WARN_UNUSED_FUNCTION = YES;
				GCC_WARN_UNUSED_VARIABLE = YES;
				IPHONEOS_DEPLOYMENT_TARGET = 15.5;
				MTL_ENABLE_DEBUG_INFO = NO;
				MTL_FAST_MATH = YES;
				SDKROOT = iphoneos;
				SWIFT_COMPILATION_MODE = wholemodule;
				SWIFT_OPTIMIZATION_LEVEL = "-O";
				VALIDATE_PRODUCT = YES;
			};
			name = Release;
		};
		F7E2508D2847655400628E8F /* Debug */ = {
			isa = XCBuildConfiguration;
			buildSettings = {
				ASSETCATALOG_COMPILER_APPICON_NAME = AppIcon;
				ASSETCATALOG_COMPILER_GLOBAL_ACCENT_COLOR_NAME = AccentColor;
				CODE_SIGN_STYLE = Automatic;
				CURRENT_PROJECT_VERSION = 1;
				DEVELOPMENT_TEAM = 9ZAY36QDR2;
				GENERATE_INFOPLIST_FILE = YES;
				INFOPLIST_FILE = "GameList-Swift/Resources/Info.plist";
				INFOPLIST_KEY_UIApplicationSupportsIndirectInputEvents = YES;
				INFOPLIST_KEY_UILaunchStoryboardName = LaunchScreen;
				INFOPLIST_KEY_UIMainStoryboardFile = Main;
				INFOPLIST_KEY_UISupportedInterfaceOrientations_iPad = "UIInterfaceOrientationPortrait UIInterfaceOrientationPortraitUpsideDown UIInterfaceOrientationLandscapeLeft UIInterfaceOrientationLandscapeRight";
				INFOPLIST_KEY_UISupportedInterfaceOrientations_iPhone = "UIInterfaceOrientationPortrait UIInterfaceOrientationLandscapeLeft UIInterfaceOrientationLandscapeRight";
				LD_RUNPATH_SEARCH_PATHS = (
					"$(inherited)",
					"@executable_path/Frameworks",
				);
				MARKETING_VERSION = 1.0;
				PRODUCT_BUNDLE_IDENTIFIER = "com.buyasoft.GameList-Swift";
				PRODUCT_NAME = "$(TARGET_NAME)";
				SWIFT_EMIT_LOC_STRINGS = YES;
				SWIFT_VERSION = 5.0;
				TARGETED_DEVICE_FAMILY = "1,2";
			};
			name = Debug;
		};
		F7E2508E2847655400628E8F /* Release */ = {
			isa = XCBuildConfiguration;
			buildSettings = {
				ASSETCATALOG_COMPILER_APPICON_NAME = AppIcon;
				ASSETCATALOG_COMPILER_GLOBAL_ACCENT_COLOR_NAME = AccentColor;
				CODE_SIGN_STYLE = Automatic;
				CURRENT_PROJECT_VERSION = 1;
				DEVELOPMENT_TEAM = 9ZAY36QDR2;
				GENERATE_INFOPLIST_FILE = YES;
				INFOPLIST_FILE = "GameList-Swift/Resources/Info.plist";
				INFOPLIST_KEY_UIApplicationSupportsIndirectInputEvents = YES;
				INFOPLIST_KEY_UILaunchStoryboardName = LaunchScreen;
				INFOPLIST_KEY_UIMainStoryboardFile = Main;
				INFOPLIST_KEY_UISupportedInterfaceOrientations_iPad = "UIInterfaceOrientationPortrait UIInterfaceOrientationPortraitUpsideDown UIInterfaceOrientationLandscapeLeft UIInterfaceOrientationLandscapeRight";
				INFOPLIST_KEY_UISupportedInterfaceOrientations_iPhone = "UIInterfaceOrientationPortrait UIInterfaceOrientationLandscapeLeft UIInterfaceOrientationLandscapeRight";
				LD_RUNPATH_SEARCH_PATHS = (
					"$(inherited)",
					"@executable_path/Frameworks",
				);
				MARKETING_VERSION = 1.0;
				PRODUCT_BUNDLE_IDENTIFIER = "com.buyasoft.GameList-Swift";
				PRODUCT_NAME = "$(TARGET_NAME)";
				SWIFT_EMIT_LOC_STRINGS = YES;
				SWIFT_VERSION = 5.0;
				TARGETED_DEVICE_FAMILY = "1,2";
			};
			name = Release;
		};
/* End XCBuildConfiguration section */

/* Begin XCConfigurationList section */
		F7E250732847654C00628E8F /* Build configuration list for PBXProject "GameList-Swift" */ = {
			isa = XCConfigurationList;
			buildConfigurations = (
				F7E2508A2847655400628E8F /* Debug */,
				F7E2508B2847655400628E8F /* Release */,
			);
			defaultConfigurationIsVisible = 0;
			defaultConfigurationName = Release;
		};
		F7E2508C2847655400628E8F /* Build configuration list for PBXNativeTarget "GameList-Swift" */ = {
			isa = XCConfigurationList;
			buildConfigurations = (
				F7E2508D2847655400628E8F /* Debug */,
				F7E2508E2847655400628E8F /* Release */,
			);
			defaultConfigurationIsVisible = 0;
			defaultConfigurationName = Release;
		};
/* End XCConfigurationList section */

/* Begin XCRemoteSwiftPackageReference section */
		F7E250A72848C38200628E8F /* XCRemoteSwiftPackageReference "Kingfisher" */ = {
			isa = XCRemoteSwiftPackageReference;
			repositoryURL = "https://github.com/onevcat/Kingfisher.git";
			requirement = {
				branch = master;
				kind = branch;
			};
		};
/* End XCRemoteSwiftPackageReference section */

/* Begin XCSwiftPackageProductDependency section */
		F7E250A82848C38200628E8F /* Kingfisher */ = {
			isa = XCSwiftPackageProductDependency;
			package = F7E250A72848C38200628E8F /* XCRemoteSwiftPackageReference "Kingfisher" */;
			productName = Kingfisher;
		};
/* End XCSwiftPackageProductDependency section */
	};
	rootObject = F7E250702847654C00628E8F /* Project object */;
}
